
Microsoft Visual Studio Solution File, Format Version 12.00
# Visual Studio Version 17
VisualStudioVersion = 17.14.36301.6 d17.14
MinimumVisualStudioVersion = 10.0.40219.1
Project("{FAE04EC0-301F-11D3-BF4B-00C04F79EFBC}") = "WebUI", "WebUI\WebUI.csproj", "{BDCBF198-3E71-484C-BC84-AAFC0251A951}"
EndProject
Project("{FAE04EC0-301F-11D3-BF4B-00C04F79EFBC}") = "GR.Core", "ClassLibrary1\GR.Core.csproj", "{FA03164F-8115-4322-A8E5-225F427DA525}"
EndProject
Project("{FAE04EC0-301F-11D3-BF4B-00C04F79EFBC}") = "GR.Models", "ClassLibrary2\GR.Models.csproj", "{B4E45153-FC07-41C4-8D44-FEE60E7A02EE}"
EndProject
Project("{FAE04EC0-301F-11D3-BF4B-00C04F79EFBC}") = "GR.Infrastructure", "ClassLibrary3\GR.Infrastructure.csproj", "{19552B86-5FA2-464F-82C4-94F552F44D62}"
EndProject
Project("{FAE04EC0-301F-11D3-BF4B-00C04F79EFBC}") = "GR.Services", "ClassLibrary4\GR.Services.csproj", "{7E365C01-4717-46AC-99EE-B57A92B8E205}"
EndProject
Global
	GlobalSection(SolutionConfigurationPlatforms) = preSolution
		Debug|Any CPU = Debug|Any CPU
		Release|Any CPU = Release|Any CPU
	EndGlobalSection
	GlobalSection(ProjectConfigurationPlatforms) = postSolution
		{BDCBF198-3E71-484C-BC84-AAFC0251A951}.Debug|Any CPU.ActiveCfg = Debug|Any CPU
		{BDCBF198-3E71-484C-BC84-AAFC0251A951}.Debug|Any CPU.Build.0 = Debug|Any CPU
		{BDCBF198-3E71-484C-BC84-AAFC0251A951}.Release|Any CPU.ActiveCfg = Release|Any CPU
		{BDCBF198-3E71-484C-BC84-AAFC0251A951}.Release|Any CPU.Build.0 = Release|Any CPU
		{FA03164F-8115-4322-A8E5-225F427DA525}.Debug|Any CPU.ActiveCfg = Debug|Any CPU
		{FA03164F-8115-4322-A8E5-225F427DA525}.Debug|Any CPU.Build.0 = Debug|Any CPU
		{FA03164F-8115-4322-A8E5-225F427DA525}.Release|Any CPU.ActiveCfg = Release|Any CPU
		{FA03164F-8115-4322-A8E5-225F427DA525}.Release|Any CPU.Build.0 = Release|Any CPU
		{B4E45153-FC07-41C4-8D44-FEE60E7A02EE}.Debug|Any CPU.ActiveCfg = Debug|Any CPU
		{B4E45153-FC07-41C4-8D44-FEE60E7A02EE}.Debug|Any CPU.Build.0 = Debug|Any CPU
		{B4E45153-FC07-41C4-8D44-FEE60E7A02EE}.Release|Any CPU.ActiveCfg = Release|Any CPU
		{B4E45153-FC07-41C4-8D44-FEE60E7A02EE}.Release|Any CPU.Build.0 = Release|Any CPU
		{19552B86-5FA2-464F-82C4-94F552F44D62}.Debug|Any CPU.ActiveCfg = Debug|Any CPU
		{19552B86-5FA2-464F-82C4-94F552F44D62}.Debug|Any CPU.Build.0 = Debug|Any CPU
		{19552B86-5FA2-464F-82C4-94F552F44D62}.Release|Any CPU.ActiveCfg = Release|Any CPU
		{19552B86-5FA2-464F-82C4-94F552F44D62}.Release|Any CPU.Build.0 = Release|Any CPU
		{7E365C01-4717-46AC-99EE-B57A92B8E205}.Debug|Any CPU.ActiveCfg = Debug|Any CPU
		{7E365C01-4717-46AC-99EE-B57A92B8E205}.Debug|Any CPU.Build.0 = Debug|Any CPU
		{7E365C01-4717-46AC-99EE-B57A92B8E205}.Release|Any CPU.ActiveCfg = Release|Any CPU
		{7E365C01-4717-46AC-99EE-B57A92B8E205}.Release|Any CPU.Build.0 = Release|Any CPU
	EndGlobalSection
	GlobalSection(SolutionProperties) = preSolution
		HideSolutionNode = FALSE
	EndGlobalSection
	GlobalSection(ExtensibilityGlobals) = postSolution
		SolutionGuid = {5E9244E3-7D76-4CBC-9907-83A758BB6F6F}
	EndGlobalSection
EndGlobal
